
Microsoft Visual Studio Solution File, Format Version 12.00
# Visual Studio Version 17
VisualStudioVersion = 17.9.34728.123
MinimumVisualStudioVersion = 10.0.40219.1
Project("{9A19103F-16F7-4668-BE54-9A1E7A4F7556}") = "ECA", "ECA.csproj", "{8E066874-999A-4194-9B6C-52FA50CE2551}"
EndProject
Global
	GlobalSection(SolutionConfigurationPlatforms) = preSolution
		Debug|Any CPU = Debug|Any CPU
		Release|Any CPU = Release|Any CPU
	EndGlobalSection
	GlobalSection(ProjectConfigurationPlatforms) = postSolution
		{8E066874-999A-4194-9B6C-52FA50CE2551}.Debug|Any CPU.ActiveCfg = Debug|Any CPU
		{8E066874-999A-4194-9B6C-52FA50CE2551}.Debug|Any CPU.Build.0 = Debug|Any CPU
		{8E066874-999A-4194-9B6C-52FA50CE2551}.Release|Any CPU.ActiveCfg = Release|Any CPU
		{8E066874-999A-4194-9B6C-52FA50CE2551}.Release|Any CPU.Build.0 = Release|Any CPU
	EndGlobalSection
	GlobalSection(SolutionProperties) = preSolution
		HideSolutionNode = FALSE
	EndGlobalSection
	GlobalSection(ExtensibilityGlobals) = postSolution
		SolutionGuid = {B9B51B0B-C58F-4AA3-8751-CC423177285C}
	EndGlobalSection
EndGlobal
